
Microsoft Visual Studio Solution File, Format Version 12.00
# Visual Studio 14
VisualStudioVersion = 14.0.25420.1
MinimumVisualStudioVersion = 10.0.40219.1
Project("{FAE04EC0-301F-11D3-BF4B-00C04F79EFBC}") = "schemy", "schemy\schemy.csproj", "{E54139B7-CB81-4883-B8CD-40BAB5420EB8}"
EndProject
Project("{FAE04EC0-301F-11D3-BF4B-00C04F79EFBC}") = "test", "test\test.csproj", "{4A62A84F-58AA-4D1C-AA7C-D3CDF0C3FFA6}"
EndProject
Project("{FAE04EC0-301F-11D3-BF4B-00C04F79EFBC}") = "example.repl", "examples\repl\example.repl.csproj", "{56DADEFC-6B30-4C0F-AAEA-23D684BD817F}"
EndProject
Project("{FAE04EC0-301F-11D3-BF4B-00C04F79EFBC}") = "example.command_server", "examples\command_server\example.command_server.csproj", "{88D7E5A3-0BA9-4155-B151-839FF5734F7C}"
EndProject
Global
	GlobalSection(SolutionConfigurationPlatforms) = preSolution
		Debug|Any CPU = Debug|Any CPU
		Release|Any CPU = Release|Any CPU
	EndGlobalSection
	GlobalSection(ProjectConfigurationPlatforms) = postSolution
		{E54139B7-CB81-4883-B8CD-40BAB5420EB8}.Debug|Any CPU.ActiveCfg = Debug|Any CPU
		{E54139B7-CB81-4883-B8CD-40BAB5420EB8}.Debug|Any CPU.Build.0 = Debug|Any CPU
		{E54139B7-CB81-4883-B8CD-40BAB5420EB8}.Release|Any CPU.ActiveCfg = Release|Any CPU
		{E54139B7-CB81-4883-B8CD-40BAB5420EB8}.Release|Any CPU.Build.0 = Release|Any CPU
		{4A62A84F-58AA-4D1C-AA7C-D3CDF0C3FFA6}.Debug|Any CPU.ActiveCfg = Debug|Any CPU
		{4A62A84F-58AA-4D1C-AA7C-D3CDF0C3FFA6}.Debug|Any CPU.Build.0 = Debug|Any CPU
		{4A62A84F-58AA-4D1C-AA7C-D3CDF0C3FFA6}.Release|Any CPU.ActiveCfg = Release|Any CPU
		{4A62A84F-58AA-4D1C-AA7C-D3CDF0C3FFA6}.Release|Any CPU.Build.0 = Release|Any CPU
		{56DADEFC-6B30-4C0F-AAEA-23D684BD817F}.Debug|Any CPU.ActiveCfg = Debug|Any CPU
		{56DADEFC-6B30-4C0F-AAEA-23D684BD817F}.Debug|Any CPU.Build.0 = Debug|Any CPU
		{56DADEFC-6B30-4C0F-AAEA-23D684BD817F}.Release|Any CPU.ActiveCfg = Release|Any CPU
		{56DADEFC-6B30-4C0F-AAEA-23D684BD817F}.Release|Any CPU.Build.0 = Release|Any CPU
		{88D7E5A3-0BA9-4155-B151-839FF5734F7C}.Debug|Any CPU.ActiveCfg = Debug|Any CPU
		{88D7E5A3-0BA9-4155-B151-839FF5734F7C}.Debug|Any CPU.Build.0 = Debug|Any CPU
		{88D7E5A3-0BA9-4155-B151-839FF5734F7C}.Release|Any CPU.ActiveCfg = Release|Any CPU
		{88D7E5A3-0BA9-4155-B151-839FF5734F7C}.Release|Any CPU.Build.0 = Release|Any CPU
	EndGlobalSection
	GlobalSection(SolutionProperties) = preSolution
		HideSolutionNode = FALSE
	EndGlobalSection
EndGlobal
